
Microsoft Visual Studio Solution File, Format Version 12.00
# Visual Studio Version 17
VisualStudioVersion = 17.4.33213.308
MinimumVisualStudioVersion = 10.0.40219.1
Project("{FAE04EC0-301F-11D3-BF4B-00C04F79EFBC}") = "Exo REST API Superette", "Exo REST API Superette.csproj", "{5DA17DFF-B9AD-49E2-B02C-3D8698E8E510}"
EndProject
Global
	GlobalSection(SolutionConfigurationPlatforms) = preSolution
		Debug|Any CPU = Debug|Any CPU
		Release|Any CPU = Release|Any CPU
	EndGlobalSection
	GlobalSection(ProjectConfigurationPlatforms) = postSolution
		{5DA17DFF-B9AD-49E2-B02C-3D8698E8E510}.Debug|Any CPU.ActiveCfg = Debug|Any CPU
		{5DA17DFF-B9AD-49E2-B02C-3D8698E8E510}.Debug|Any CPU.Build.0 = Debug|Any CPU
		{5DA17DFF-B9AD-49E2-B02C-3D8698E8E510}.Release|Any CPU.ActiveCfg = Release|Any CPU
		{5DA17DFF-B9AD-49E2-B02C-3D8698E8E510}.Release|Any CPU.Build.0 = Release|Any CPU
	EndGlobalSection
	GlobalSection(SolutionProperties) = preSolution
		HideSolutionNode = FALSE
	EndGlobalSection
	GlobalSection(ExtensibilityGlobals) = postSolution
		SolutionGuid = {823A1A58-A83F-4CB1-99DE-F5AECD4B04FC}
	EndGlobalSection
EndGlobal
